
Microsoft Visual Studio Solution File, Format Version 12.00
# Visual Studio Version 16
VisualStudioVersion = 16.0.29326.143
MinimumVisualStudioVersion = 10.0.40219.1
Project("{9A19103F-16F7-4668-BE54-9A1E7A4F7556}") = "Lomtec.IDP.Client.Demo", "Lomtec.IDP.Client.Mvc2\Lomtec.IDP.Client.Demo.csproj", "{F3636A00-3825-40B9-95B9-B65C5B2BF356}"
EndProject
Project("{9A19103F-16F7-4668-BE54-9A1E7A4F7556}") = "Lomtec.IDP.Client.Console", "Lomtec.IDP.Client.Console\Lomtec.IDP.Client.Console.csproj", "{D5482C63-022C-4334-AB25-6F0CAC1A68C8}"
EndProject
Project("{9A19103F-16F7-4668-BE54-9A1E7A4F7556}") = "Lomtec.IDP.Client.ApiPckg", "Lomtec.IDP.Client.ApiPckg\Lomtec.IDP.Client.ApiPckg.csproj", "{3AE6AEA4-EF80-404B-BBE5-50D981D145C6}"
EndProject
Global
	GlobalSection(SolutionConfigurationPlatforms) = preSolution
		Debug|Any CPU = Debug|Any CPU
		Release|Any CPU = Release|Any CPU
	EndGlobalSection
	GlobalSection(ProjectConfigurationPlatforms) = postSolution
		{F3636A00-3825-40B9-95B9-B65C5B2BF356}.Debug|Any CPU.ActiveCfg = Debug|Any CPU
		{F3636A00-3825-40B9-95B9-B65C5B2BF356}.Debug|Any CPU.Build.0 = Debug|Any CPU
		{F3636A00-3825-40B9-95B9-B65C5B2BF356}.Release|Any CPU.ActiveCfg = Release|Any CPU
		{F3636A00-3825-40B9-95B9-B65C5B2BF356}.Release|Any CPU.Build.0 = Release|Any CPU
		{D5482C63-022C-4334-AB25-6F0CAC1A68C8}.Debug|Any CPU.ActiveCfg = Debug|Any CPU
		{D5482C63-022C-4334-AB25-6F0CAC1A68C8}.Debug|Any CPU.Build.0 = Debug|Any CPU
		{D5482C63-022C-4334-AB25-6F0CAC1A68C8}.Release|Any CPU.ActiveCfg = Release|Any CPU
		{D5482C63-022C-4334-AB25-6F0CAC1A68C8}.Release|Any CPU.Build.0 = Release|Any CPU
		{3AE6AEA4-EF80-404B-BBE5-50D981D145C6}.Debug|Any CPU.ActiveCfg = Debug|Any CPU
		{3AE6AEA4-EF80-404B-BBE5-50D981D145C6}.Debug|Any CPU.Build.0 = Debug|Any CPU
		{3AE6AEA4-EF80-404B-BBE5-50D981D145C6}.Release|Any CPU.ActiveCfg = Release|Any CPU
		{3AE6AEA4-EF80-404B-BBE5-50D981D145C6}.Release|Any CPU.Build.0 = Release|Any CPU
	EndGlobalSection
	GlobalSection(SolutionProperties) = preSolution
		HideSolutionNode = FALSE
	EndGlobalSection
	GlobalSection(ExtensibilityGlobals) = postSolution
		SolutionGuid = {73BC5505-73BD-41EC-B910-2AFCFDFFD139}
	EndGlobalSection
EndGlobal
