
Microsoft Visual Studio Solution File, Format Version 12.00
# Visual Studio Version 16
VisualStudioVersion = 16.0.30503.244
MinimumVisualStudioVersion = 10.0.40219.1
Project("{9A19103F-16F7-4668-BE54-9A1E7A4F7556}") = "Lomtec.IDP.Client.Demo", "Lomtec.IDP.Client.Mvc2\Lomtec.IDP.Client.Demo.csproj", "{F556B789-6961-48EE-B09E-D5A99A47E9CD}"
EndProject
Global
	GlobalSection(SolutionConfigurationPlatforms) = preSolution
		Debug|Any CPU = Debug|Any CPU
		Release|Any CPU = Release|Any CPU
	EndGlobalSection
	GlobalSection(ProjectConfigurationPlatforms) = postSolution
		{F556B789-6961-48EE-B09E-D5A99A47E9CD}.Debug|Any CPU.ActiveCfg = Debug|Any CPU
		{F556B789-6961-48EE-B09E-D5A99A47E9CD}.Debug|Any CPU.Build.0 = Debug|Any CPU
		{F556B789-6961-48EE-B09E-D5A99A47E9CD}.Release|Any CPU.ActiveCfg = Release|Any CPU
		{F556B789-6961-48EE-B09E-D5A99A47E9CD}.Release|Any CPU.Build.0 = Release|Any CPU
	EndGlobalSection
	GlobalSection(SolutionProperties) = preSolution
		HideSolutionNode = FALSE
	EndGlobalSection
	GlobalSection(ExtensibilityGlobals) = postSolution
		SolutionGuid = {0B20B3EE-5309-4AC4-A45B-FB03E6AF3696}
	EndGlobalSection
EndGlobal
